
Microsoft Visual Studio Solution File, Format Version 12.00
# Visual Studio Version 17
VisualStudioVersion = 17.1.32319.34
MinimumVisualStudioVersion = 10.0.40219.1
Project("{FAE04EC0-301F-11D3-BF4B-00C04F79EFBC}") = "MyGitHubProject", "MyGitHubProject\MyGitHubProject.csproj", "{8D326560-3E34-4D5F-8458-8588007B8F41}"
EndProject
Global
	GlobalSection(SolutionConfigurationPlatforms) = preSolution
		Debug|Any CPU = Debug|Any CPU
		Release|Any CPU = Release|Any CPU
	EndGlobalSection
	GlobalSection(ProjectConfigurationPlatforms) = postSolution
		{8D326560-3E34-4D5F-8458-8588007B8F41}.Debug|Any CPU.ActiveCfg = Debug|Any CPU
		{8D326560-3E34-4D5F-8458-8588007B8F41}.Debug|Any CPU.Build.0 = Debug|Any CPU
		{8D326560-3E34-4D5F-8458-8588007B8F41}.Release|Any CPU.ActiveCfg = Release|Any CPU
		{8D326560-3E34-4D5F-8458-8588007B8F41}.Release|Any CPU.Build.0 = Release|Any CPU
	EndGlobalSection
	GlobalSection(SolutionProperties) = preSolution
		HideSolutionNode = FALSE
	EndGlobalSection
	GlobalSection(ExtensibilityGlobals) = postSolution
		SolutionGuid = {F4085546-393C-491A-B48A-59A11FFD49B0}
	EndGlobalSection
EndGlobal
